// !$*UTF8*$!
{
	archiveVersion = 1;
	classes = {
	};
	objectVersion = 50;
	objects = {

/* Begin PBXBuildFile section */
		9137FCBF20FE5E6C00924CC1 /* AppDelegate.swift in Sources */ = {isa = PBXBuildFile; fileRef = 9137FCBE20FE5E6C00924CC1 /* AppDelegate.swift */; };
		9137FCC120FE5E6C00924CC1 /* ViewController.swift in Sources */ = {isa = PBXBuildFile; fileRef = 9137FCC020FE5E6C00924CC1 /* ViewController.swift */; };
		9137FCC420FE5E6C00924CC1 /* Main.storyboard in Resources */ = {isa = PBXBuildFile; fileRef = 9137FCC220FE5E6C00924CC1 /* Main.storyboard */; };
		9137FCC620FE5E6D00924CC1 /* Assets.xcassets in Resources */ = {isa = PBXBuildFile; fileRef = 9137FCC520FE5E6D00924CC1 /* Assets.xcassets */; };
		9137FCC920FE5E6D00924CC1 /* LaunchScreen.storyboard in Resources */ = {isa = PBXBuildFile; fileRef = 9137FCC720FE5E6D00924CC1 /* LaunchScreen.storyboard */; };
		9137FCD420FE5E6D00924CC1 /* Meow_FestTests.swift in Sources */ = {isa = PBXBuildFile; fileRef = 9137FCD320FE5E6D00924CC1 /* Meow_FestTests.swift */; };
		9137FCDF20FE5E6D00924CC1 /* Meow_FestUITests.swift in Sources */ = {isa = PBXBuildFile; fileRef = 9137FCDE20FE5E6D00924CC1 /* Meow_FestUITests.swift */; };
/* End PBXBuildFile section */

/* Begin PBXContainerItemProxy section */
		9137FCD020FE5E6D00924CC1 /* PBXContainerItemProxy */ = {
			isa = PBXContainerItemProxy;
			containerPortal = 9137FCB320FE5E6C00924CC1 /* Project object */;
			proxyType = 1;
			remoteGlobalIDString = 9137FCBA20FE5E6C00924CC1;
			remoteInfo = "Meow Fest";
		};
		9137FCDB20FE5E6D00924CC1 /* PBXContainerItemProxy */ = {
			isa = PBXContainerItemProxy;
			containerPortal = 9137FCB320FE5E6C00924CC1 /* Project object */;
			proxyType = 1;
			remoteGlobalIDString = 9137FCBA20FE5E6C00924CC1;
			remoteInfo = "Meow Fest";
		};
/* End PBXContainerItemProxy section */

/* Begin PBXFileReference section */
		9137FCBB20FE5E6C00924CC1 /* Meow Fest.app */ = {isa = PBXFileReference; explicitFileType = wrapper.application; includeInIndex = 0; path = "Meow Fest.app"; sourceTree = BUILT_PRODUCTS_DIR; };
		9137FCBE20FE5E6C00924CC1 /* AppDelegate.swift */ = {isa = PBXFileReference; lastKnownFileType = sourcecode.swift; path = AppDelegate.swift; sourceTree = "<group>"; };
		9137FCC020FE5E6C00924CC1 /* ViewController.swift */ = {isa = PBXFileReference; lastKnownFileType = sourcecode.swift; path = ViewController.swift; sourceTree = "<group>"; };
		9137FCC320FE5E6C00924CC1 /* Base */ = {isa = PBXFileReference; lastKnownFileType = file.storyboard; name = Base; path = Base.lproj/Main.storyboard; sourceTree = "<group>"; };
		9137FCC520FE5E6D00924CC1 /* Assets.xcassets */ = {isa = PBXFileReference; lastKnownFileType = folder.assetcatalog; path = Assets.xcassets; sourceTree = "<group>"; };
		9137FCC820FE5E6D00924CC1 /* Base */ = {isa = PBXFileReference; lastKnownFileType = file.storyboard; name = Base; path = Base.lproj/LaunchScreen.storyboard; sourceTree = "<group>"; };
		9137FCCA20FE5E6D00924CC1 /* Info.plist */ = {isa = PBXFileReference; lastKnownFileType = text.plist.xml; path = Info.plist; sourceTree = "<group>"; };
		9137FCCF20FE5E6D00924CC1 /* Meow FestTests.xctest */ = {isa = PBXFileReference; explicitFileType = wrapper.cfbundle; includeInIndex = 0; path = "Meow FestTests.xctest"; sourceTree = BUILT_PRODUCTS_DIR; };
		9137FCD320FE5E6D00924CC1 /* Meow_FestTests.swift */ = {isa = PBXFileReference; lastKnownFileType = sourcecode.swift; path = Meow_FestTests.swift; sourceTree = "<group>"; };
		9137FCD520FE5E6D00924CC1 /* Info.plist */ = {isa = PBXFileReference; lastKnownFileType = text.plist.xml; path = Info.plist; sourceTree = "<group>"; };
		9137FCDA20FE5E6D00924CC1 /* Meow FestUITests.xctest */ = {isa = PBXFileReference; explicitFileType = wrapper.cfbundle; includeInIndex = 0; path = "Meow FestUITests.xctest"; sourceTree = BUILT_PRODUCTS_DIR; };
		9137FCDE20FE5E6D00924CC1 /* Meow_FestUITests.swift */ = {isa = PBXFileReference; lastKnownFileType = sourcecode.swift; path = Meow_FestUITests.swift; sourceTree = "<group>"; };
		9137FCE020FE5E6D00924CC1 /* Info.plist */ = {isa = PBXFileReference; lastKnownFileType = text.plist.xml; path = Info.plist; sourceTree = "<group>"; };
/* End PBXFileReference section */

/* Begin PBXFrameworksBuildPhase section */
		9137FCB820FE5E6C00924CC1 /* Frameworks */ = {
			isa = PBXFrameworksBuildPhase;
			buildActionMask = 2147483647;
			files = (
			);
			runOnlyForDeploymentPostprocessing = 0;
		};
		9137FCCC20FE5E6D00924CC1 /* Frameworks */ = {
			isa = PBXFrameworksBuildPhase;
			buildActionMask = 2147483647;
			files = (
			);
			runOnlyForDeploymentPostprocessing = 0;
		};
		9137FCD720FE5E6D00924CC1 /* Frameworks */ = {
			isa = PBXFrameworksBuildPhase;
			buildActionMask = 2147483647;
			files = (
			);
			runOnlyForDeploymentPostprocessing = 0;
		};
/* End PBXFrameworksBuildPhase section */

/* Begin PBXGroup section */
		9137FCB220FE5E6C00924CC1 = {
			isa = PBXGroup;
			children = (
				9137FCBD20FE5E6C00924CC1 /* Meow Fest */,
				9137FCD220FE5E6D00924CC1 /* Meow FestTests */,
				9137FCDD20FE5E6D00924CC1 /* Meow FestUITests */,
				9137FCBC20FE5E6C00924CC1 /* Products */,
			);
			sourceTree = "<group>";
		};
		9137FCBC20FE5E6C00924CC1 /* Products */ = {
			isa = PBXGroup;
			children = (
				9137FCBB20FE5E6C00924CC1 /* Meow Fest.app */,
				9137FCCF20FE5E6D00924CC1 /* Meow FestTests.xctest */,
				9137FCDA20FE5E6D00924CC1 /* Meow FestUITests.xctest */,
			);
			name = Products;
			sourceTree = "<group>";
		};
		9137FCBD20FE5E6C00924CC1 /* Meow Fest */ = {
			isa = PBXGroup;
			children = (
				9137FCBE20FE5E6C00924CC1 /* AppDelegate.swift */,
				9137FCC020FE5E6C00924CC1 /* ViewController.swift */,
				9137FCC220FE5E6C00924CC1 /* Main.storyboard */,
				9137FCC520FE5E6D00924CC1 /* Assets.xcassets */,
				9137FCC720FE5E6D00924CC1 /* LaunchScreen.storyboard */,
				9137FCCA20FE5E6D00924CC1 /* Info.plist */,
			);
			path = "Meow Fest";
			sourceTree = "<group>";
		};
		9137FCD220FE5E6D00924CC1 /* Meow FestTests */ = {
			isa = PBXGroup;
			children = (
				9137FCD320FE5E6D00924CC1 /* Meow_FestTests.swift */,
				9137FCD520FE5E6D00924CC1 /* Info.plist */,
			);
			path = "Meow FestTests";
			sourceTree = "<group>";
		};
		9137FCDD20FE5E6D00924CC1 /* Meow FestUITests */ = {
			isa = PBXGroup;
			children = (
				9137FCDE20FE5E6D00924CC1 /* Meow_FestUITests.swift */,
				9137FCE020FE5E6D00924CC1 /* Info.plist */,
			);
			path = "Meow FestUITests";
			sourceTree = "<group>";
		};
/* End PBXGroup section */

/* Begin PBXNativeTarget section */
		9137FCBA20FE5E6C00924CC1 /* Meow Fest */ = {
			isa = PBXNativeTarget;
			buildConfigurationList = 9137FCE320FE5E6D00924CC1 /* Build configuration list for PBXNativeTarget "Meow Fest" */;
			buildPhases = (
				9137FCB720FE5E6C00924CC1 /* Sources */,
				9137FCB820FE5E6C00924CC1 /* Frameworks */,
				9137FCB920FE5E6C00924CC1 /* Resources */,
			);
			buildRules = (
			);
			dependencies = (
			);
			name = "Meow Fest";
			productName = "Meow Fest";
			productReference = 9137FCBB20FE5E6C00924CC1 /* Meow Fest.app */;
			productType = "com.apple.product-type.application";
		};
		9137FCCE20FE5E6D00924CC1 /* Meow FestTests */ = {
			isa = PBXNativeTarget;
			buildConfigurationList = 9137FCE620FE5E6D00924CC1 /* Build configuration list for PBXNativeTarget "Meow FestTests" */;
			buildPhases = (
				9137FCCB20FE5E6D00924CC1 /* Sources */,
				9137FCCC20FE5E6D00924CC1 /* Frameworks */,
				9137FCCD20FE5E6D00924CC1 /* Resources */,
			);
			buildRules = (
			);
			dependencies = (
				9137FCD120FE5E6D00924CC1 /* PBXTargetDependency */,
			);
			name = "Meow FestTests";
			productName = "Meow FestTests";
			productReference = 9137FCCF20FE5E6D00924CC1 /* Meow FestTests.xctest */;
			productType = "com.apple.product-type.bundle.unit-test";
		};
		9137FCD920FE5E6D00924CC1 /* Meow FestUITests */ = {
			isa = PBXNativeTarget;
			buildConfigurationList = 9137FCE920FE5E6D00924CC1 /* Build configuration list for PBXNativeTarget "Meow FestUITests" */;
			buildPhases = (
				9137FCD620FE5E6D00924CC1 /* Sources */,
				9137FCD720FE5E6D00924CC1 /* Frameworks */,
				9137FCD820FE5E6D00924CC1 /* Resources */,
			);
			buildRules = (
			);
			dependencies = (
				9137FCDC20FE5E6D00924CC1 /* PBXTargetDependency */,
			);
			name = "Meow FestUITests";
			productName = "Meow FestUITests";
			productReference = 9137FCDA20FE5E6D00924CC1 /* Meow FestUITests.xctest */;
			productType = "com.apple.product-type.bundle.ui-testing";
		};
/* End PBXNativeTarget section */

/* Begin PBXProject section */
		9137FCB320FE5E6C00924CC1 /* Project object */ = {
			isa = PBXProject;
			attributes = {
				LastSwiftUpdateCheck = 0940;
				LastUpgradeCheck = 0940;
				ORGANIZATIONNAME = "Alecu Truica";
				TargetAttributes = {
					9137FCBA20FE5E6C00924CC1 = {
						CreatedOnToolsVersion = 9.4.1;
					};
					9137FCCE20FE5E6D00924CC1 = {
						CreatedOnToolsVersion = 9.4.1;
						TestTargetID = 9137FCBA20FE5E6C00924CC1;
					};
					9137FCD920FE5E6D00924CC1 = {
						CreatedOnToolsVersion = 9.4.1;
						TestTargetID = 9137FCBA20FE5E6C00924CC1;
					};
				};
			};
			buildConfigurationList = 9137FCB620FE5E6C00924CC1 /* Build configuration list for PBXProject "Meow Fest" */;
			compatibilityVersion = "Xcode 9.3";
			developmentRegion = en;
			hasScannedForEncodings = 0;
			knownRegions = (
				en,
				Base,
			);
			mainGroup = 9137FCB220FE5E6C00924CC1;
			productRefGroup = 9137FCBC20FE5E6C00924CC1 /* Products */;
			projectDirPath = "";
			projectRoot = "";
			targets = (
				9137FCBA20FE5E6C00924CC1 /* Meow Fest */,
				9137FCCE20FE5E6D00924CC1 /* Meow FestTests */,
				9137FCD920FE5E6D00924CC1 /* Meow FestUITests */,
			);
		};
/* End PBXProject section */

/* Begin PBXResourcesBuildPhase section */
		9137FCB920FE5E6C00924CC1 /* Resources */ = {
			isa = PBXResourcesBuildPhase;
			buildActionMask = 2147483647;
			files = (
				9137FCC920FE5E6D00924CC1 /* LaunchScreen.storyboard in Resources */,
				9137FCC620FE5E6D00924CC1 /* Assets.xcassets in Resources */,
				9137FCC420FE5E6C00924CC1 /* Main.storyboard in Resources */,
			);
			runOnlyForDeploymentPostprocessing = 0;
		};
		9137FCCD20FE5E6D00924CC1 /* Resources */ = {
			isa = PBXResourcesBuildPhase;
			buildActionMask = 2147483647;
			files = (
			);
			runOnlyForDeploymentPostprocessing = 0;
		};
		9137FCD820FE5E6D00924CC1 /* Resources */ = {
			isa = PBXResourcesBuildPhase;
			buildActionMask = 2147483647;
			files = (
			);
			runOnlyForDeploymentPostprocessing = 0;
		};
/* End PBXResourcesBuildPhase section */

/* Begin PBXSourcesBuildPhase section */
		9137FCB720FE5E6C00924CC1 /* Sources */ = {
			isa = PBXSourcesBuildPhase;
			buildActionMask = 2147483647;
			files = (
				9137FCC120FE5E6C00924CC1 /* ViewController.swift in Sources */,
				9137FCBF20FE5E6C00924CC1 /* AppDelegate.swift in Sources */,
			);
			runOnlyForDeploymentPostprocessing = 0;
		};
		9137FCCB20FE5E6D00924CC1 /* Sources */ = {
			isa = PBXSourcesBuildPhase;
			buildActionMask = 2147483647;
			files = (
				9137FCD420FE5E6D00924CC1 /* Meow_FestTests.swift in Sources */,
			);
			runOnlyForDeploymentPostprocessing = 0;
		};
		9137FCD620FE5E6D00924CC1 /* Sources */ = {
			isa = PBXSourcesBuildPhase;
			buildActionMask = 2147483647;
			files = (
				9137FCDF20FE5E6D00924CC1 /* Meow_FestUITests.swift in Sources */,
			);
			runOnlyForDeploymentPostprocessing = 0;
		};
/* End PBXSourcesBuildPhase section */

/* Begin PBXTargetDependency section */
		9137FCD120FE5E6D00924CC1 /* PBXTargetDependency */ = {
			isa = PBXTargetDependency;
			target = 9137FCBA20FE5E6C00924CC1 /* Meow Fest */;
			targetProxy = 9137FCD020FE5E6D00924CC1 /* PBXContainerItemProxy */;
		};
		9137FCDC20FE5E6D00924CC1 /* PBXTargetDependency */ = {
			isa = PBXTargetDependency;
			target = 9137FCBA20FE5E6C00924CC1 /* Meow Fest */;
			targetProxy = 9137FCDB20FE5E6D00924CC1 /* PBXContainerItemProxy */;
		};
/* End PBXTargetDependency section */

/* Begin PBXVariantGroup section */
		9137FCC220FE5E6C00924CC1 /* Main.storyboard */ = {
			isa = PBXVariantGroup;
			children = (
				9137FCC320FE5E6C00924CC1 /* Base */,
			);
			name = Main.storyboard;
			sourceTree = "<group>";
		};
		9137FCC720FE5E6D00924CC1 /* LaunchScreen.storyboard */ = {
			isa = PBXVariantGroup;
			children = (
				9137FCC820FE5E6D00924CC1 /* Base */,
			);
			name = LaunchScreen.storyboard;
			sourceTree = "<group>";
		};
/* End PBXVariantGroup section */

/* Begin XCBuildConfiguration section */
		9137FCE120FE5E6D00924CC1 /* Debug */ = {
			isa = XCBuildConfiguration;
			buildSettings = {
				ALWAYS_SEARCH_USER_PATHS = NO;
				CLANG_ANALYZER_NONNULL = YES;
				CLANG_ANALYZER_NUMBER_OBJECT_CONVERSION = YES_AGGRESSIVE;
				CLANG_CXX_LANGUAGE_STANDARD = "gnu++14";
				CLANG_CXX_LIBRARY = "libc++";
				CLANG_ENABLE_MODULES = YES;
				CLANG_ENABLE_OBJC_ARC = YES;
				CLANG_ENABLE_OBJC_WEAK = YES;
				CLANG_WARN_BLOCK_CAPTURE_AUTORELEASING = YES;
				CLANG_WARN_BOOL_CONVERSION = YES;
				CLANG_WARN_COMMA = YES;
				CLANG_WARN_CONSTANT_CONVERSION = YES;
				CLANG_WARN_DEPRECATED_OBJC_IMPLEMENTATIONS = YES;
				CLANG_WARN_DIRECT_OBJC_ISA_USAGE = YES_ERROR;
				CLANG_WARN_DOCUMENTATION_COMMENTS = YES;
				CLANG_WARN_EMPTY_BODY = YES;
				CLANG_WARN_ENUM_CONVERSION = YES;
				CLANG_WARN_INFINITE_RECURSION = YES;
				CLANG_WARN_INT_CONVERSION = YES;
				CLANG_WARN_NON_LITERAL_NULL_CONVERSION = YES;
				CLANG_WARN_OBJC_IMPLICIT_RETAIN_SELF = YES;
				CLANG_WARN_OBJC_LITERAL_CONVERSION = YES;
				CLANG_WARN_OBJC_ROOT_CLASS = YES_ERROR;
				CLANG_WARN_RANGE_LOOP_ANALYSIS = YES;
				CLANG_WARN_STRICT_PROTOTYPES = YES;
				CLANG_WARN_SUSPICIOUS_MOVE = YES;
				CLANG_WARN_UNGUARDED_AVAILABILITY = YES_AGGRESSIVE;
				CLANG_WARN_UNREACHABLE_CODE = YES;
				CLANG_WARN__DUPLICATE_METHOD_MATCH = YES;
				CODE_SIGN_IDENTITY = "iPhone Developer";
				COPY_PHASE_STRIP = NO;
				DEBUG_INFORMATION_FORMAT = dwarf;
				ENABLE_STRICT_OBJC_MSGSEND = YES;
				ENABLE_TESTABILITY = YES;
				GCC_C_LANGUAGE_STANDARD = gnu11;
				GCC_DYNAMIC_NO_PIC = NO;
				GCC_NO_COMMON_BLOCKS = YES;
				GCC_OPTIMIZATION_LEVEL = 0;
				GCC_PREPROCESSOR_DEFINITIONS = (
					"DEBUG=1",
					"$(inherited)",
				);
				GCC_WARN_64_TO_32_BIT_CONVERSION = YES;
				GCC_WARN_ABOUT_RETURN_TYPE = YES_ERROR;
				GCC_WARN_UNDECLARED_SELECTOR = YES;
				GCC_WARN_UNINITIALIZED_AUTOS = YES_AGGRESSIVE;
				GCC_WARN_UNUSED_FUNCTION = YES;
				GCC_WARN_UNUSED_VARIABLE = YES;
				IPHONEOS_DEPLOYMENT_TARGET = 11.4;
				MTL_ENABLE_DEBUG_INFO = YES;
				ONLY_ACTIVE_ARCH = YES;
				SDKROOT = iphoneos;
				SWIFT_ACTIVE_COMPILATION_CONDITIONS = DEBUG;
				SWIFT_OPTIMIZATION_LEVEL = "-Onone";
			};
			name = Debug;
		};
		9137FCE220FE5E6D00924CC1 /* Release */ = {
			isa = XCBuildConfiguration;
			buildSettings = {
				ALWAYS_SEARCH_USER_PATHS = NO;
				CLANG_ANALYZER_NONNULL = YES;
				CLANG_ANALYZER_NUMBER_OBJECT_CONVERSION = YES_AGGRESSIVE;
				CLANG_CXX_LANGUAGE_STANDARD = "gnu++14";
				CLANG_CXX_LIBRARY = "libc++";
				CLANG_ENABLE_MODULES = YES;
				CLANG_ENABLE_OBJC_ARC = YES;
				CLANG_ENABLE_OBJC_WEAK = YES;
				CLANG_WARN_BLOCK_CAPTURE_AUTORELEASING = YES;
				CLANG_WARN_BOOL_CONVERSION = YES;
				CLANG_WARN_COMMA = YES;
				CLANG_WARN_CONSTANT_CONVERSION = YES;
				CLANG_WARN_DEPRECATED_OBJC_IMPLEMENTATIONS = YES;
				CLANG_WARN_DIRECT_OBJC_ISA_USAGE = YES_ERROR;
				CLANG_WARN_DOCUMENTATION_COMMENTS = YES;
				CLANG_WARN_EMPTY_BODY = YES;
				CLANG_WARN_ENUM_CONVERSION = YES;
				CLANG_WARN_INFINITE_RECURSION = YES;
				CLANG_WARN_INT_CONVERSION = YES;
				CLANG_WARN_NON_LITERAL_NULL_CONVERSION = YES;
				CLANG_WARN_OBJC_IMPLICIT_RETAIN_SELF = YES;
				CLANG_WARN_OBJC_LITERAL_CONVERSION = YES;
				CLANG_WARN_OBJC_ROOT_CLASS = YES_ERROR;
				CLANG_WARN_RANGE_LOOP_ANALYSIS = YES;
				CLANG_WARN_STRICT_PROTOTYPES = YES;
				CLANG_WARN_SUSPICIOUS_MOVE = YES;
				CLANG_WARN_UNGUARDED_AVAILABILITY = YES_AGGRESSIVE;
				CLANG_WARN_UNREACHABLE_CODE = YES;
				CLANG_WARN__DUPLICATE_METHOD_MATCH = YES;
				CODE_SIGN_IDENTITY = "iPhone Developer";
				COPY_PHASE_STRIP = NO;
				DEBUG_INFORMATION_FORMAT = "dwarf-with-dsym";
				ENABLE_NS_ASSERTIONS = NO;
				ENABLE_STRICT_OBJC_MSGSEND = YES;
				GCC_C_LANGUAGE_STANDARD = gnu11;
				GCC_NO_COMMON_BLOCKS = YES;
				GCC_WARN_64_TO_32_BIT_CONVERSION = YES;
				GCC_WARN_ABOUT_RETURN_TYPE = YES_ERROR;
				GCC_WARN_UNDECLARED_SELECTOR = YES;
				GCC_WARN_UNINITIALIZED_AUTOS = YES_AGGRESSIVE;
				GCC_WARN_UNUSED_FUNCTION = YES;
				GCC_WARN_UNUSED_VARIABLE = YES;
				IPHONEOS_DEPLOYMENT_TARGET = 11.4;
				MTL_ENABLE_DEBUG_INFO = NO;
				SDKROOT = iphoneos;
				SWIFT_COMPILATION_MODE = wholemodule;
				SWIFT_OPTIMIZATION_LEVEL = "-O";
				VALIDATE_PRODUCT = YES;
			};
			name = Release;
		};
		9137FCE420FE5E6D00924CC1 /* Debug */ = {
			isa = XCBuildConfiguration;
			buildSettings = {
				ASSETCATALOG_COMPILER_APPICON_NAME = AppIcon;
				CODE_SIGN_STYLE = Automatic;
				DEVELOPMENT_TEAM = 4TB2V3PEYJ;
				INFOPLIST_FILE = "Meow Fest/Info.plist";
				LD_RUNPATH_SEARCH_PATHS = (
					"$(inherited)",
					"@executable_path/Frameworks",
				);
				PRODUCT_BUNDLE_IDENTIFIER = "com.bufni.Meow-Fest";
				PRODUCT_NAME = "$(TARGET_NAME)";
				SWIFT_VERSION = 4.0;
				TARGETED_DEVICE_FAMILY = "1,2";
			};
			name = Debug;
		};
		9137FCE520FE5E6D00924CC1 /* Release */ = {
			isa = XCBuildConfiguration;
			buildSettings = {
				ASSETCATALOG_COMPILER_APPICON_NAME = AppIcon;
				CODE_SIGN_STYLE = Automatic;
				DEVELOPMENT_TEAM = 4TB2V3PEYJ;
				INFOPLIST_FILE = "Meow Fest/Info.plist";
				LD_RUNPATH_SEARCH_PATHS = (
					"$(inherited)",
					"@executable_path/Frameworks",
				);
				PRODUCT_BUNDLE_IDENTIFIER = "com.bufni.Meow-Fest";
				PRODUCT_NAME = "$(TARGET_NAME)";
				SWIFT_VERSION = 4.0;
				TARGETED_DEVICE_FAMILY = "1,2";
			};
			name = Release;
		};
		9137FCE720FE5E6D00924CC1 /* Debug */ = {
			isa = XCBuildConfiguration;
			buildSettings = {
				ALWAYS_EMBED_SWIFT_STANDARD_LIBRARIES = YES;
				BUNDLE_LOADER = "$(TEST_HOST)";
				CODE_SIGN_STYLE = Automatic;
				DEVELOPMENT_TEAM = 4TB2V3PEYJ;
				INFOPLIST_FILE = "Meow FestTests/Info.plist";
				LD_RUNPATH_SEARCH_PATHS = (
					"$(inherited)",
					"@executable_path/Frameworks",
					"@loader_path/Frameworks",
				);
				PRODUCT_BUNDLE_IDENTIFIER = "com.bufni.Meow-FestTests";
				PRODUCT_NAME = "$(TARGET_NAME)";
				SWIFT_VERSION = 4.0;
				TARGETED_DEVICE_FAMILY = "1,2";
				TEST_HOST = "$(BUILT_PRODUCTS_DIR)/Meow Fest.app/Meow Fest";
			};
			name = Debug;
		};
		9137FCE820FE5E6D00924CC1 /* Release */ = {
			isa = XCBuildConfiguration;
			buildSettings = {
				ALWAYS_EMBED_SWIFT_STANDARD_LIBRARIES = YES;
				BUNDLE_LOADER = "$(TEST_HOST)";
				CODE_SIGN_STYLE = Automatic;
				DEVELOPMENT_TEAM = 4TB2V3PEYJ;
				INFOPLIST_FILE = "Meow FestTests/Info.plist";
				LD_RUNPATH_SEARCH_PATHS = (
					"$(inherited)",
					"@executable_path/Frameworks",
					"@loader_path/Frameworks",
				);
				PRODUCT_BUNDLE_IDENTIFIER = "com.bufni.Meow-FestTests";
				PRODUCT_NAME = "$(TARGET_NAME)";
				SWIFT_VERSION = 4.0;
				TARGETED_DEVICE_FAMILY = "1,2";
				TEST_HOST = "$(BUILT_PRODUCTS_DIR)/Meow Fest.app/Meow Fest";
			};
			name = Release;
		};
		9137FCEA20FE5E6D00924CC1 /* Debug */ = {
			isa = XCBuildConfiguration;
			buildSettings = {
				ALWAYS_EMBED_SWIFT_STANDARD_LIBRARIES = YES;
				CODE_SIGN_STYLE = Automatic;
				DEVELOPMENT_TEAM = 4TB2V3PEYJ;
				INFOPLIST_FILE = "Meow FestUITests/Info.plist";
				LD_RUNPATH_SEARCH_PATHS = (
					"$(inherited)",
					"@executable_path/Frameworks",
					"@loader_path/Frameworks",
				);
				PRODUCT_BUNDLE_IDENTIFIER = "com.bufni.Meow-FestUITests";
				PRODUCT_NAME = "$(TARGET_NAME)";
				SWIFT_VERSION = 4.0;
				TARGETED_DEVICE_FAMILY = "1,2";
				TEST_TARGET_NAME = "Meow Fest";
			};
			name = Debug;
		};
		9137FCEB20FE5E6D00924CC1 /* Release */ = {
			isa = XCBuildConfiguration;
			buildSettings = {
				ALWAYS_EMBED_SWIFT_STANDARD_LIBRARIES = YES;
				CODE_SIGN_STYLE = Automatic;
				DEVELOPMENT_TEAM = 4TB2V3PEYJ;
				INFOPLIST_FILE = "Meow FestUITests/Info.plist";
				LD_RUNPATH_SEARCH_PATHS = (
					"$(inherited)",
					"@executable_path/Frameworks",
					"@loader_path/Frameworks",
				);
				PRODUCT_BUNDLE_IDENTIFIER = "com.bufni.Meow-FestUITests";
				PRODUCT_NAME = "$(TARGET_NAME)";
				SWIFT_VERSION = 4.0;
				TARGETED_DEVICE_FAMILY = "1,2";
				TEST_TARGET_NAME = "Meow Fest";
			};
			name = Release;
		};
/* End XCBuildConfiguration section */

/* Begin XCConfigurationList section */
		9137FCB620FE5E6C00924CC1 /* Build configuration list for PBXProject "Meow Fest" */ = {
			isa = XCConfigurationList;
			buildConfigurations = (
				9137FCE120FE5E6D00924CC1 /* Debug */,
				9137FCE220FE5E6D00924CC1 /* Release */,
			);
			defaultConfigurationIsVisible = 0;
			defaultConfigurationName = Release;
		};
		9137FCE320FE5E6D00924CC1 /* Build configuration list for PBXNativeTarget "Meow Fest" */ = {
			isa = XCConfigurationList;
			buildConfigurations = (
				9137FCE420FE5E6D00924CC1 /* Debug */,
				9137FCE520FE5E6D00924CC1 /* Release */,
			);
			defaultConfigurationIsVisible = 0;
			defaultConfigurationName = Release;
		};
		9137FCE620FE5E6D00924CC1 /* Build configuration list for PBXNativeTarget "Meow FestTests" */ = {
			isa = XCConfigurationList;
			buildConfigurations = (
				9137FCE720FE5E6D00924CC1 /* Debug */,
				9137FCE820FE5E6D00924CC1 /* Release */,
			);
			defaultConfigurationIsVisible = 0;
			defaultConfigurationName = Release;
		};
		9137FCE920FE5E6D00924CC1 /* Build configuration list for PBXNativeTarget "Meow FestUITests" */ = {
			isa = XCConfigurationList;
			buildConfigurations = (
				9137FCEA20FE5E6D00924CC1 /* Debug */,
				9137FCEB20FE5E6D00924CC1 /* Release */,
			);
			defaultConfigurationIsVisible = 0;
			defaultConfigurationName = Release;
		};
/* End XCConfigurationList section */
	};
	rootObject = 9137FCB320FE5E6C00924CC1 /* Project object */;
}
